{
	"name": "ningbo",
	"version": "2017.06.13",
	"lockfileVersion": 1,
	"requires": true,
	"dependencies": {
		"angular": {
			"version": "1.5.11",
			"resolved": "https://registry.npmjs.org/angular/-/angular-1.5.11.tgz",
			"integrity": "sha1-jFunOG8VllyazzQp9ogVU6raMNY="
		},
		"body-parser": {
			"version": "1.17.2",
			"resolved": "https://registry.npmjs.org/body-parser/-/body-parser-1.17.2.tgz",
			"integrity": "sha1-+IkqvI+eYn1Crtr7yma/WrmRBO4=",
			"dependencies": {
				"debug": {
					"version": "2.6.7",
					"resolved": "https://registry.npmjs.org/debug/-/debug-2.6.7.tgz",
					"integrity": "sha1-krrR9tBbu2u6Isyoi80OyJTChh4="
				},
				"http-errors": {
					"version": "1.6.1",
					"resolved": "https://registry.npmjs.org/http-errors/-/http-errors-1.6.1.tgz",
					"integrity": "sha1-X4uO2YrKVFZWv1cplzh/kEpyIlc="
				},
				"ms": {
					"version": "2.0.0",
					"resolved": "https://registry.npmjs.org/ms/-/ms-2.0.0.tgz",
					"integrity": "sha1-VgiurfwAvmwpAd9fmGF4jeDVl8g="
				},
				"setprototypeof": {
					"version": "1.0.3",
					"resolved": "https://registry.npmjs.org/setprototypeof/-/setprototypeof-1.0.3.tgz",
					"integrity": "sha1-ZlZ+NwQ+608E2RvWWMDL77VbjgQ="
				}
			}
		},
		"connect-mongo": {
			"version": "1.3.2",
			"resolved": "https://registry.npmjs.org/connect-mongo/-/connect-mongo-1.3.2.tgz",
			"integrity": "sha1-fL9Y3/8mdg5eAOAX0KhbS8kLnTc="
		},
		"cookie-parser": {
			"version": "1.4.3",
			"resolved": "https://registry.npmjs.org/cookie-parser/-/cookie-parser-1.4.3.tgz",
			"integrity": "sha1-D+MfoZ0AC5X0qt8fU/3CuKIDuqU="
		},
		"ejs": {
			"version": "2.5.6",
			"resolved": "https://registry.npmjs.org/ejs/-/ejs-2.5.6.tgz",
			"integrity": "sha1-R5Y2v6P+Ox3r1SCH8KyyBLTxnIg="
		},
		"express": {
			"version": "4.14.1",
			"resolved": "https://registry.npmjs.org/express/-/express-4.14.1.tgz",
			"integrity": "sha1-ZGwjf3ZvFIwhIK/wc4F7nk1+DTM=",
			"dependencies": {
				"qs": {
					"version": "6.2.0",
					"resolved": "https://registry.npmjs.org/qs/-/qs-6.2.0.tgz",
					"integrity": "sha1-O3hIwDwt7OaalSKw+ujEEm10Xzs="
				}
			}
		},
		"express-session": {
			"version": "1.14.2",
			"resolved": "https://registry.npmjs.org/express-session/-/express-session-1.14.2.tgz",
			"integrity": "sha1-a89YbtbR3DewJXAId1bJ3nuAsnU="
		},
		"jquery": {
			"version": "3.1.0",
			"resolved": "https://registry.npmjs.org/jquery/-/jquery-3.1.0.tgz",
			"integrity": "sha1-Ep9vGulLGPCQELAI0NYBHkBhPX8="
		},
		"jssha": {
			"version": "2.2.0",
			"resolved": "https://registry.npmjs.org/jssha/-/jssha-2.2.0.tgz",
			"integrity": "sha1-h9z2CCHcO+xZPzhVu+vM0naqzBw="
		},
		"memory-pager": {
			"version": "1.5.0",
			"resolved": "https://registry.npmjs.org/memory-pager/-/memory-pager-1.5.0.tgz",
			"integrity": "sha512-ZS4Bp4r/Zoeq6+NLJpP+0Zzm0pR8whtGPf1XExKLJBAczGMnSi3It14OiNCStjQjM6NU1okjQGSxgEZN8eBYKg==",
			"optional": true
		},
		"moment": {
			"version": "2.18.1",
			"resolved": "https://registry.npmjs.org/moment/-/moment-2.18.1.tgz",
			"integrity": "sha1-w2GT3Tzhwu7SrbfIAtu8d6gbHA8="
		},
		"mongodb": {
			"version": "3.1.13",
			"resolved": "https://registry.npmjs.org/mongodb/-/mongodb-3.1.13.tgz",
			"integrity": "sha512-sz2dhvBZQWf3LRNDhbd30KHVzdjZx9IKC0L+kSZ/gzYquCF5zPOgGqRz6sSCqYZtKP2ekB4nfLxhGtzGHnIKxA==",
			"requires": {
				"mongodb-core": "3.1.11",
				"safe-buffer": "^5.1.2"
			},
			"dependencies": {
				"bson": {
					"version": "1.1.5",
					"resolved": "https://registry.npmjs.org/bson/-/bson-1.1.5.tgz",
					"integrity": "sha512-kDuEzldR21lHciPQAIulLs1LZlCXdLziXI6Mb/TDkwXhb//UORJNPXgcRs2CuO4H0DcMkpfT3/ySsP3unoZjBg=="
				},
				"mongodb-core": {
					"version": "3.1.11",
					"resolved": "https://registry.npmjs.org/mongodb-core/-/mongodb-core-3.1.11.tgz",
					"integrity": "sha512-rD2US2s5qk/ckbiiGFHeu+yKYDXdJ1G87F6CG3YdaZpzdOm5zpoAZd/EKbPmFO6cQZ+XVXBXBJ660sSI0gc6qg==",
					"requires": {
						"bson": "^1.1.0",
						"require_optional": "^1.0.1",
						"safe-buffer": "^5.1.2",
						"saslprep": "^1.0.0"
					}
				},
				"require_optional": {
					"version": "1.0.1",
					"resolved": "https://registry.npmjs.org/require_optional/-/require_optional-1.0.1.tgz",
					"integrity": "sha512-qhM/y57enGWHAe3v/NcwML6a3/vfESLe/sGM2dII+gEO0BpKRUkWZow/tyloNqJyN6kXSl3RyyM8Ll5D/sJP8g==",
					"requires": {
						"resolve-from": "^2.0.0",
						"semver": "^5.1.0"
					}
				},
				"safe-buffer": {
					"version": "5.2.1",
					"resolved": "https://registry.npmjs.org/safe-buffer/-/safe-buffer-5.2.1.tgz",
					"integrity": "sha512-rp3So07KcdmmKbGvgaNxQSJr7bGVSVk5S9Eq1F+ppbRo70+YeaDxkw5Dd8NPN+GD6bjnYm2VuPuCXmpuYvmCXQ=="
				}
			}
		},
		"mongoose": {
			"version": "4.10.6",
			"resolved": "https://registry.npmjs.org/mongoose/-/mongoose-4.10.6.tgz",
			"integrity": "sha1-zFfa2Mi5FFy9LKVpalCBqVno/Ng=",
			"dependencies": {
				"mongodb": {
					"version": "2.2.27",
					"resolved": "https://registry.npmjs.org/mongodb/-/mongodb-2.2.27.tgz",
					"integrity": "sha1-NBIgNNtm2YO89qta2yaiSnD+9uY="
				},
				"mongodb-core": {
					"version": "2.1.11",
					"resolved": "https://registry.npmjs.org/mongodb-core/-/mongodb-core-2.1.11.tgz",
					"integrity": "sha1-HDh3bOsXSZepnCiGDu2QKNqbPho="
				},
				"ms": {
					"version": "2.0.0",
					"resolved": "https://registry.npmjs.org/ms/-/ms-2.0.0.tgz",
					"integrity": "sha1-VgiurfwAvmwpAd9fmGF4jeDVl8g="
				}
			}
		},
		"request": {
			"version": "2.81.0",
			"resolved": "https://registry.npmjs.org/request/-/request-2.81.0.tgz",
			"integrity": "sha1-xpKJRqDgbF+Nb4qTM0af/aRimKA="
		},
		"request-promise": {
			"version": "4.2.1",
			"resolved": "https://registry.npmjs.org/request-promise/-/request-promise-4.2.1.tgz",
			"integrity": "sha1-fuxWyJMXqCLL/qmbA5zlQ8LhX2c="
		},
		"resolve-from": {
			"version": "2.0.0",
			"resolved": "https://registry.npmjs.org/resolve-from/-/resolve-from-2.0.0.tgz",
			"integrity": "sha1-lICrIOlP+h2egKgEx+oUdhGWa1c="
		},
		"saslprep": {
			"version": "1.0.3",
			"resolved": "https://registry.npmjs.org/saslprep/-/saslprep-1.0.3.tgz",
			"integrity": "sha512-/MY/PEMbk2SuY5sScONwhUDsV2p77Znkb/q3nSVstq/yQzYJOH/Azh29p9oJLsl3LnQwSvZDKagDGBsBwSooag==",
			"optional": true,
			"requires": {
				"sparse-bitfield": "^3.0.3"
			}
		},
		"semver": {
			"version": "5.3.0",
			"resolved": "https://registry.npmjs.org/semver/-/semver-5.3.0.tgz",
			"integrity": "sha1-myzl094C0XxgEq0yaqa00M9U+U8="
		},
		"sparse-bitfield": {
			"version": "3.0.3",
			"resolved": "https://registry.npmjs.org/sparse-bitfield/-/sparse-bitfield-3.0.3.tgz",
			"integrity": "sha1-/0rm5oZWBWuks+eSqzM004JzyhE=",
			"optional": true,
			"requires": {
				"memory-pager": "^1.0.2"
			}
		},
		"weui": {
			"version": "1.1.2",
			"resolved": "https://registry.npmjs.org/weui/-/weui-1.1.2.tgz",
			"integrity": "sha1-4z93HiJI7f4P0Hosbq2z55MaAMw="
		},
		"xml2js": {
			"version": "0.4.17",
			"resolved": "https://registry.npmjs.org/xml2js/-/xml2js-0.4.17.tgz",
			"integrity": "sha1-F76T6q4/O3eTWceVtBlwWogX6Gg="
		},
		"xml2json": {
			"version": "0.11.0",
			"resolved": "https://registry.npmjs.org/xml2json/-/xml2json-0.11.0.tgz",
			"integrity": "sha1-HVTx2GjbvQSJK4RdfLrZTFKOFuQ=",
			"dependencies": {
				"hoek": {
					"version": "https://registry.npmjs.org/hoek/-/hoek-4.1.1.tgz",
					"integrity": "sha1-nMVz/7ore0CPtenCoTeWvpTN3Ok="
				}
			}
		}
	}
}
